
Microsoft Visual Studio Solution File, Format Version 12.00
# Visual Studio Version 17
VisualStudioVersion = 17.0.31919.166
MinimumVisualStudioVersion = 10.0.40219.1
Project("{FAE04EC0-301F-11D3-BF4B-00C04F79EFBC}") = "MelyakinaA.Lab8.Ex1", "MelyakinaA.Lab8.Ex1\MelyakinaA.Lab8.Ex1.csproj", "{98B9CC5B-3D4F-43AC-83A6-CA4DEEFBAA14}"
EndProject
Project("{FAE04EC0-301F-11D3-BF4B-00C04F79EFBC}") = "MelyakinaA.Lab8.Ex2", "MelyakinaA.Lab8.Ex2\MelyakinaA.Lab8.Ex2.csproj", "{07894403-5EB2-4F72-98F9-D60072A859D3}"
EndProject
Global
	GlobalSection(SolutionConfigurationPlatforms) = preSolution
		Debug|Any CPU = Debug|Any CPU
		Release|Any CPU = Release|Any CPU
	EndGlobalSection
	GlobalSection(ProjectConfigurationPlatforms) = postSolution
		{98B9CC5B-3D4F-43AC-83A6-CA4DEEFBAA14}.Debug|Any CPU.ActiveCfg = Debug|Any CPU
		{98B9CC5B-3D4F-43AC-83A6-CA4DEEFBAA14}.Debug|Any CPU.Build.0 = Debug|Any CPU
		{98B9CC5B-3D4F-43AC-83A6-CA4DEEFBAA14}.Release|Any CPU.ActiveCfg = Release|Any CPU
		{98B9CC5B-3D4F-43AC-83A6-CA4DEEFBAA14}.Release|Any CPU.Build.0 = Release|Any CPU
		{07894403-5EB2-4F72-98F9-D60072A859D3}.Debug|Any CPU.ActiveCfg = Debug|Any CPU
		{07894403-5EB2-4F72-98F9-D60072A859D3}.Debug|Any CPU.Build.0 = Debug|Any CPU
		{07894403-5EB2-4F72-98F9-D60072A859D3}.Release|Any CPU.ActiveCfg = Release|Any CPU
		{07894403-5EB2-4F72-98F9-D60072A859D3}.Release|Any CPU.Build.0 = Release|Any CPU
	EndGlobalSection
	GlobalSection(SolutionProperties) = preSolution
		HideSolutionNode = FALSE
	EndGlobalSection
	GlobalSection(ExtensibilityGlobals) = postSolution
		SolutionGuid = {9E9C52CA-A9DF-444B-B03A-84A15DBBDBBE}
	EndGlobalSection
EndGlobal
